// !$*UTF8*$!
{
	archiveVersion = 1;
	classes = {
	};
	objectVersion = 51;
	objects = {

/* Begin PBXBuildFile section */
		0F7AEE80267A7CF100D77591 /* NumberFormatComponentTest.swift in Sources */ = {isa = PBXBuildFile; fileRef = 0F7AEE7F267A7CF100D77591 /* NumberFormatComponentTest.swift */; };
		0F7AEE88267A7DE500D77591 /* LmnwAssignmentUITests.swift in Sources */ = {isa = PBXBuildFile; fileRef = 0F7AEE87267A7DE500D77591 /* LmnwAssignmentUITests.swift */; };
		0F7AEE90267A7EE100D77591 /* SpyPhotoListPresenter.swift in Sources */ = {isa = PBXBuildFile; fileRef = 0F7AEE8F267A7EE100D77591 /* SpyPhotoListPresenter.swift */; };
		0F7AEE98267A7F3600D77591 /* SpyPhotoListViewController.swift in Sources */ = {isa = PBXBuildFile; fileRef = 0F7AEE97267A7F3600D77591 /* SpyPhotoListViewController.swift */; };
		0F7AEEA0267A7FD800D77591 /* StubGetPhotoService.swift in Sources */ = {isa = PBXBuildFile; fileRef = 0F7AEE9F267A7FD800D77591 /* StubGetPhotoService.swift */; };
		0F7AEEA5267A807B00D77591 /* Common.swift in Sources */ = {isa = PBXBuildFile; fileRef = 0F7AEEA4267A807B00D77591 /* Common.swift */; };
		0FC29FF2267A515F00ED8A5D /* BaseService.swift in Sources */ = {isa = PBXBuildFile; fileRef = 0FC29FF1267A515F00ED8A5D /* BaseService.swift */; };
		0FC29FF8267A51C600ED8A5D /* PhotoProvider.swift in Sources */ = {isa = PBXBuildFile; fileRef = 0FC29FF7267A51C600ED8A5D /* PhotoProvider.swift */; };
		0FC2A001267A53BF00ED8A5D /* GetPhotoService.swift in Sources */ = {isa = PBXBuildFile; fileRef = 0FC2A000267A53BF00ED8A5D /* GetPhotoService.swift */; };
		0FC2A016267A55F200ED8A5D /* PhotoListPresenter.swift in Sources */ = {isa = PBXBuildFile; fileRef = 0FC2A010267A55F200ED8A5D /* PhotoListPresenter.swift */; };
		0FC2A018267A55F200ED8A5D /* PhotoListRouter.swift in Sources */ = {isa = PBXBuildFile; fileRef = 0FC2A012267A55F200ED8A5D /* PhotoListRouter.swift */; };
		0FC2A019267A55F200ED8A5D /* PhotoListModels.swift in Sources */ = {isa = PBXBuildFile; fileRef = 0FC2A013267A55F200ED8A5D /* PhotoListModels.swift */; };
		0FC2A01A267A55F200ED8A5D /* PhotoListViewController.swift in Sources */ = {isa = PBXBuildFile; fileRef = 0FC2A014267A55F200ED8A5D /* PhotoListViewController.swift */; };
		0FC2A01B267A55F200ED8A5D /* PhotoListInteractor.swift in Sources */ = {isa = PBXBuildFile; fileRef = 0FC2A015267A55F200ED8A5D /* PhotoListInteractor.swift */; };
		0FC2A023267A5A6D00ED8A5D /* PhotoList.storyboard in Resources */ = {isa = PBXBuildFile; fileRef = 0FC2A022267A5A6D00ED8A5D /* PhotoList.storyboard */; };
		0FC2A029267A5E6C00ED8A5D /* NumberFormatComponent.swift in Sources */ = {isa = PBXBuildFile; fileRef = 0FC2A028267A5E6C00ED8A5D /* NumberFormatComponent.swift */; };
		0FC2A032267A6D5500ED8A5D /* PhotoCell.swift in Sources */ = {isa = PBXBuildFile; fileRef = 0FC2A031267A6D5500ED8A5D /* PhotoCell.swift */; };
		0FC2A03B267A793200ED8A5D /* BaseViewController.swift in Sources */ = {isa = PBXBuildFile; fileRef = 0FC2A03A267A793200ED8A5D /* BaseViewController.swift */; };
		0FF8C362267A451F00E420C2 /* AppDelegate.swift in Sources */ = {isa = PBXBuildFile; fileRef = 0FF8C361267A451F00E420C2 /* AppDelegate.swift */; };
		0FF8C36B267A452100E420C2 /* Assets.xcassets in Resources */ = {isa = PBXBuildFile; fileRef = 0FF8C36A267A452100E420C2 /* Assets.xcassets */; };
		0FF8C36E267A452100E420C2 /* LaunchScreen.storyboard in Resources */ = {isa = PBXBuildFile; fileRef = 0FF8C36C267A452100E420C2 /* LaunchScreen.storyboard */; };
		1BA6AB1E123BB5FF4B6901A5 /* Pods_LmnwAssignment_LmnwAssignmentUITests.framework in Frameworks */ = {isa = PBXBuildFile; fileRef = 0392F9B74D13E90BCF10FE9E /* Pods_LmnwAssignment_LmnwAssignmentUITests.framework */; };
		8F4F5189755F63B3473C488E /* Pods_LmnwAssignmentTests.framework in Frameworks */ = {isa = PBXBuildFile; fileRef = 730B51A917EEF3F5BCCFE289 /* Pods_LmnwAssignmentTests.framework */; };
		D072C524E5D6256004BBDCE5 /* Pods_LmnwAssignment.framework in Frameworks */ = {isa = PBXBuildFile; fileRef = 88C1A095251D498BD2BAF9DF /* Pods_LmnwAssignment.framework */; };
/* End PBXBuildFile section */

/* Begin PBXContainerItemProxy section */
		0FF8C375267A452100E420C2 /* PBXContainerItemProxy */ = {
			isa = PBXContainerItemProxy;
			containerPortal = 0FF8C356267A451F00E420C2 /* Project object */;
			proxyType = 1;
			remoteGlobalIDString = 0FF8C35D267A451F00E420C2;
			remoteInfo = LmnwAssignment;
		};
		0FF8C380267A452100E420C2 /* PBXContainerItemProxy */ = {
			isa = PBXContainerItemProxy;
			containerPortal = 0FF8C356267A451F00E420C2 /* Project object */;
			proxyType = 1;
			remoteGlobalIDString = 0FF8C35D267A451F00E420C2;
			remoteInfo = LmnwAssignment;
		};
/* End PBXContainerItemProxy section */

/* Begin PBXFileReference section */
		0392F9B74D13E90BCF10FE9E /* Pods_LmnwAssignment_LmnwAssignmentUITests.framework */ = {isa = PBXFileReference; explicitFileType = wrapper.framework; includeInIndex = 0; path = Pods_LmnwAssignment_LmnwAssignmentUITests.framework; sourceTree = BUILT_PRODUCTS_DIR; };
		0F7AEE7F267A7CF100D77591 /* NumberFormatComponentTest.swift */ = {isa = PBXFileReference; lastKnownFileType = sourcecode.swift; path = NumberFormatComponentTest.swift; sourceTree = "<group>"; };
		0F7AEE87267A7DE500D77591 /* LmnwAssignmentUITests.swift */ = {isa = PBXFileReference; lastKnownFileType = sourcecode.swift; path = LmnwAssignmentUITests.swift; sourceTree = "<group>"; };
		0F7AEE8F267A7EE100D77591 /* SpyPhotoListPresenter.swift */ = {isa = PBXFileReference; lastKnownFileType = sourcecode.swift; path = SpyPhotoListPresenter.swift; sourceTree = "<group>"; };
		0F7AEE97267A7F3600D77591 /* SpyPhotoListViewController.swift */ = {isa = PBXFileReference; lastKnownFileType = sourcecode.swift; path = SpyPhotoListViewController.swift; sourceTree = "<group>"; };
		0F7AEE9F267A7FD800D77591 /* StubGetPhotoService.swift */ = {isa = PBXFileReference; lastKnownFileType = sourcecode.swift; path = StubGetPhotoService.swift; sourceTree = "<group>"; };
		0F7AEEA4267A807B00D77591 /* Common.swift */ = {isa = PBXFileReference; lastKnownFileType = sourcecode.swift; path = Common.swift; sourceTree = "<group>"; };
		0FC29FF1267A515F00ED8A5D /* BaseService.swift */ = {isa = PBXFileReference; lastKnownFileType = sourcecode.swift; path = BaseService.swift; sourceTree = "<group>"; };
		0FC29FF7267A51C600ED8A5D /* PhotoProvider.swift */ = {isa = PBXFileReference; lastKnownFileType = sourcecode.swift; path = PhotoProvider.swift; sourceTree = "<group>"; };
		0FC2A000267A53BF00ED8A5D /* GetPhotoService.swift */ = {isa = PBXFileReference; lastKnownFileType = sourcecode.swift; path = GetPhotoService.swift; sourceTree = "<group>"; };
		0FC2A010267A55F200ED8A5D /* PhotoListPresenter.swift */ = {isa = PBXFileReference; lastKnownFileType = sourcecode.swift; path = PhotoListPresenter.swift; sourceTree = "<group>"; };
		0FC2A012267A55F200ED8A5D /* PhotoListRouter.swift */ = {isa = PBXFileReference; lastKnownFileType = sourcecode.swift; path = PhotoListRouter.swift; sourceTree = "<group>"; };
		0FC2A013267A55F200ED8A5D /* PhotoListModels.swift */ = {isa = PBXFileReference; lastKnownFileType = sourcecode.swift; path = PhotoListModels.swift; sourceTree = "<group>"; };
		0FC2A014267A55F200ED8A5D /* PhotoListViewController.swift */ = {isa = PBXFileReference; lastKnownFileType = sourcecode.swift; path = PhotoListViewController.swift; sourceTree = "<group>"; };
		0FC2A015267A55F200ED8A5D /* PhotoListInteractor.swift */ = {isa = PBXFileReference; lastKnownFileType = sourcecode.swift; path = PhotoListInteractor.swift; sourceTree = "<group>"; };
		0FC2A022267A5A6D00ED8A5D /* PhotoList.storyboard */ = {isa = PBXFileReference; lastKnownFileType = file.storyboard; path = PhotoList.storyboard; sourceTree = "<group>"; };
		0FC2A028267A5E6C00ED8A5D /* NumberFormatComponent.swift */ = {isa = PBXFileReference; lastKnownFileType = sourcecode.swift; path = NumberFormatComponent.swift; sourceTree = "<group>"; };
		0FC2A031267A6D5500ED8A5D /* PhotoCell.swift */ = {isa = PBXFileReference; lastKnownFileType = sourcecode.swift; path = PhotoCell.swift; sourceTree = "<group>"; };
		0FC2A03A267A793200ED8A5D /* BaseViewController.swift */ = {isa = PBXFileReference; lastKnownFileType = sourcecode.swift; path = BaseViewController.swift; sourceTree = "<group>"; };
		0FF8C35E267A451F00E420C2 /* LmnwAssignment.app */ = {isa = PBXFileReference; explicitFileType = wrapper.application; includeInIndex = 0; path = LmnwAssignment.app; sourceTree = BUILT_PRODUCTS_DIR; };
		0FF8C361267A451F00E420C2 /* AppDelegate.swift */ = {isa = PBXFileReference; lastKnownFileType = sourcecode.swift; path = AppDelegate.swift; sourceTree = "<group>"; };
		0FF8C36A267A452100E420C2 /* Assets.xcassets */ = {isa = PBXFileReference; lastKnownFileType = folder.assetcatalog; path = Assets.xcassets; sourceTree = "<group>"; };
		0FF8C36D267A452100E420C2 /* Base */ = {isa = PBXFileReference; lastKnownFileType = file.storyboard; name = Base; path = Base.lproj/LaunchScreen.storyboard; sourceTree = "<group>"; };
		0FF8C36F267A452100E420C2 /* Info.plist */ = {isa = PBXFileReference; lastKnownFileType = text.plist.xml; path = Info.plist; sourceTree = "<group>"; };
		0FF8C374267A452100E420C2 /* LmnwAssignmentTests.xctest */ = {isa = PBXFileReference; explicitFileType = wrapper.cfbundle; includeInIndex = 0; path = LmnwAssignmentTests.xctest; sourceTree = BUILT_PRODUCTS_DIR; };
		0FF8C37A267A452100E420C2 /* Info.plist */ = {isa = PBXFileReference; lastKnownFileType = text.plist.xml; path = Info.plist; sourceTree = "<group>"; };
		0FF8C37F267A452100E420C2 /* LmnwAssignmentUITests.xctest */ = {isa = PBXFileReference; explicitFileType = wrapper.cfbundle; includeInIndex = 0; path = LmnwAssignmentUITests.xctest; sourceTree = BUILT_PRODUCTS_DIR; };
		0FF8C385267A452100E420C2 /* Info.plist */ = {isa = PBXFileReference; lastKnownFileType = text.plist.xml; path = Info.plist; sourceTree = "<group>"; };
		1C4824636B2FF57C569CDE1A /* Pods-LmnwAssignment-LmnwAssignmentUITests.debug.xcconfig */ = {isa = PBXFileReference; includeInIndex = 1; lastKnownFileType = text.xcconfig; name = "Pods-LmnwAssignment-LmnwAssignmentUITests.debug.xcconfig"; path = "Target Support Files/Pods-LmnwAssignment-LmnwAssignmentUITests/Pods-LmnwAssignment-LmnwAssignmentUITests.debug.xcconfig"; sourceTree = "<group>"; };
		333CEA1B33104AB5E680D1DE /* Pods-LmnwAssignment.release.xcconfig */ = {isa = PBXFileReference; includeInIndex = 1; lastKnownFileType = text.xcconfig; name = "Pods-LmnwAssignment.release.xcconfig"; path = "Target Support Files/Pods-LmnwAssignment/Pods-LmnwAssignment.release.xcconfig"; sourceTree = "<group>"; };
		564B0F5FEEF2C1B6DF0A950D /* Pods-LmnwAssignment.debug.xcconfig */ = {isa = PBXFileReference; includeInIndex = 1; lastKnownFileType = text.xcconfig; name = "Pods-LmnwAssignment.debug.xcconfig"; path = "Target Support Files/Pods-LmnwAssignment/Pods-LmnwAssignment.debug.xcconfig"; sourceTree = "<group>"; };
		730B51A917EEF3F5BCCFE289 /* Pods_LmnwAssignmentTests.framework */ = {isa = PBXFileReference; explicitFileType = wrapper.framework; includeInIndex = 0; path = Pods_LmnwAssignmentTests.framework; sourceTree = BUILT_PRODUCTS_DIR; };
		85076E77439B27AAC2533623 /* Pods-LmnwAssignmentTests.debug.xcconfig */ = {isa = PBXFileReference; includeInIndex = 1; lastKnownFileType = text.xcconfig; name = "Pods-LmnwAssignmentTests.debug.xcconfig"; path = "Target Support Files/Pods-LmnwAssignmentTests/Pods-LmnwAssignmentTests.debug.xcconfig"; sourceTree = "<group>"; };
		858D4AC28D50FD7EFF78D552 /* Pods-LmnwAssignment-LmnwAssignmentUITests.release.xcconfig */ = {isa = PBXFileReference; includeInIndex = 1; lastKnownFileType = text.xcconfig; name = "Pods-LmnwAssignment-LmnwAssignmentUITests.release.xcconfig"; path = "Target Support Files/Pods-LmnwAssignment-LmnwAssignmentUITests/Pods-LmnwAssignment-LmnwAssignmentUITests.release.xcconfig"; sourceTree = "<group>"; };
		88C1A095251D498BD2BAF9DF /* Pods_LmnwAssignment.framework */ = {isa = PBXFileReference; explicitFileType = wrapper.framework; includeInIndex = 0; path = Pods_LmnwAssignment.framework; sourceTree = BUILT_PRODUCTS_DIR; };
		D6377EBCCE1FED91AFBC3482 /* Pods-LmnwAssignmentTests.release.xcconfig */ = {isa = PBXFileReference; includeInIndex = 1; lastKnownFileType = text.xcconfig; name = "Pods-LmnwAssignmentTests.release.xcconfig"; path = "Target Support Files/Pods-LmnwAssignmentTests/Pods-LmnwAssignmentTests.release.xcconfig"; sourceTree = "<group>"; };
/* End PBXFileReference section */

/* Begin PBXFrameworksBuildPhase section */
		0FF8C35B267A451F00E420C2 /* Frameworks */ = {
			isa = PBXFrameworksBuildPhase;
			buildActionMask = 2147483647;
			files = (
				D072C524E5D6256004BBDCE5 /* Pods_LmnwAssignment.framework in Frameworks */,
			);
			runOnlyForDeploymentPostprocessing = 0;
		};
		0FF8C371267A452100E420C2 /* Frameworks */ = {
			isa = PBXFrameworksBuildPhase;
			buildActionMask = 2147483647;
			files = (
				8F4F5189755F63B3473C488E /* Pods_LmnwAssignmentTests.framework in Frameworks */,
			);
			runOnlyForDeploymentPostprocessing = 0;
		};
		0FF8C37C267A452100E420C2 /* Frameworks */ = {
			isa = PBXFrameworksBuildPhase;
			buildActionMask = 2147483647;
			files = (
				1BA6AB1E123BB5FF4B6901A5 /* Pods_LmnwAssignment_LmnwAssignmentUITests.framework in Frameworks */,
			);
			runOnlyForDeploymentPostprocessing = 0;
		};
/* End PBXFrameworksBuildPhase section */

/* Begin PBXGroup section */
		0F7AEE8C267A7EB200D77591 /* PhotoList */ = {
			isa = PBXGroup;
			children = (
				0F7AEE8E267A7ECC00D77591 /* spy */,
				0F7AEE8D267A7EC800D77591 /* stub */,
			);
			path = PhotoList;
			sourceTree = "<group>";
		};
		0F7AEE8D267A7EC800D77591 /* stub */ = {
			isa = PBXGroup;
			children = (
				0F7AEEA4267A807B00D77591 /* Common.swift */,
				0F7AEE9F267A7FD800D77591 /* StubGetPhotoService.swift */,
			);
			path = stub;
			sourceTree = "<group>";
		};
		0F7AEE8E267A7ECC00D77591 /* spy */ = {
			isa = PBXGroup;
			children = (
				0F7AEE8F267A7EE100D77591 /* SpyPhotoListPresenter.swift */,
				0F7AEE97267A7F3600D77591 /* SpyPhotoListViewController.swift */,
			);
			path = spy;
			sourceTree = "<group>";
		};
		0FC29FF0267A513600ED8A5D /* Service */ = {
			isa = PBXGroup;
			children = (
				0FC29FF1267A515F00ED8A5D /* BaseService.swift */,
				0FC2A000267A53BF00ED8A5D /* GetPhotoService.swift */,
			);
			path = Service;
			sourceTree = "<group>";
		};
		0FC29FF6267A51A100ED8A5D /* Provider */ = {
			isa = PBXGroup;
			children = (
				0FC29FF7267A51C600ED8A5D /* PhotoProvider.swift */,
			);
			path = Provider;
			sourceTree = "<group>";
		};
		0FC29FFF267A53A900ED8A5D /* Scene */ = {
			isa = PBXGroup;
			children = (
				0FC2A039267A782800ED8A5D /* PhotoList */,
				0FC2A03A267A793200ED8A5D /* BaseViewController.swift */,
			);
			path = Scene;
			sourceTree = "<group>";
		};
		0FC2A027267A5E5200ED8A5D /* Components */ = {
			isa = PBXGroup;
			children = (
				0FC2A028267A5E6C00ED8A5D /* NumberFormatComponent.swift */,
			);
			path = Components;
			sourceTree = "<group>";
		};
		0FC2A030267A6D3900ED8A5D /* tableViewCell */ = {
			isa = PBXGroup;
			children = (
				0FC2A031267A6D5500ED8A5D /* PhotoCell.swift */,
			);
			path = tableViewCell;
			sourceTree = "<group>";
		};
		0FC2A039267A782800ED8A5D /* PhotoList */ = {
			isa = PBXGroup;
			children = (
				0FC2A030267A6D3900ED8A5D /* tableViewCell */,
				0FC2A013267A55F200ED8A5D /* PhotoListModels.swift */,
				0FC2A010267A55F200ED8A5D /* PhotoListPresenter.swift */,
				0FC2A012267A55F200ED8A5D /* PhotoListRouter.swift */,
				0FC2A014267A55F200ED8A5D /* PhotoListViewController.swift */,
				0FC2A015267A55F200ED8A5D /* PhotoListInteractor.swift */,
				0FC2A022267A5A6D00ED8A5D /* PhotoList.storyboard */,
			);
			path = PhotoList;
			sourceTree = "<group>";
		};
		0FF8C355267A451F00E420C2 = {
			isa = PBXGroup;
			children = (
				0FF8C360267A451F00E420C2 /* LmnwAssignment */,
				0FF8C377267A452100E420C2 /* LmnwAssignmentTests */,
				0FF8C382267A452100E420C2 /* LmnwAssignmentUITests */,
				0FF8C35F267A451F00E420C2 /* Products */,
				7FE6CD8C6AE12D590BB5280D /* Pods */,
				536FC9ACA9180D5CC879B975 /* Frameworks */,
			);
			sourceTree = "<group>";
		};
		0FF8C35F267A451F00E420C2 /* Products */ = {
			isa = PBXGroup;
			children = (
				0FF8C35E267A451F00E420C2 /* LmnwAssignment.app */,
				0FF8C374267A452100E420C2 /* LmnwAssignmentTests.xctest */,
				0FF8C37F267A452100E420C2 /* LmnwAssignmentUITests.xctest */,
			);
			name = Products;
			sourceTree = "<group>";
		};
		0FF8C360267A451F00E420C2 /* LmnwAssignment */ = {
			isa = PBXGroup;
			children = (
				0FC2A027267A5E5200ED8A5D /* Components */,
				0FC29FF6267A51A100ED8A5D /* Provider */,
				0FC29FF0267A513600ED8A5D /* Service */,
				0FC29FFF267A53A900ED8A5D /* Scene */,
				0FF8C361267A451F00E420C2 /* AppDelegate.swift */,
				0FF8C36A267A452100E420C2 /* Assets.xcassets */,
				0FF8C36C267A452100E420C2 /* LaunchScreen.storyboard */,
				0FF8C36F267A452100E420C2 /* Info.plist */,
			);
			path = LmnwAssignment;
			sourceTree = "<group>";
		};
		0FF8C377267A452100E420C2 /* LmnwAssignmentTests */ = {
			isa = PBXGroup;
			children = (
				0F7AEE8C267A7EB200D77591 /* PhotoList */,
				0F7AEE7F267A7CF100D77591 /* NumberFormatComponentTest.swift */,
				0FF8C37A267A452100E420C2 /* Info.plist */,
			);
			path = LmnwAssignmentTests;
			sourceTree = "<group>";
		};
		0FF8C382267A452100E420C2 /* LmnwAssignmentUITests */ = {
			isa = PBXGroup;
			children = (
				0FF8C385267A452100E420C2 /* Info.plist */,
				0F7AEE87267A7DE500D77591 /* LmnwAssignmentUITests.swift */,
			);
			path = LmnwAssignmentUITests;
			sourceTree = "<group>";
		};
		536FC9ACA9180D5CC879B975 /* Frameworks */ = {
			isa = PBXGroup;
			children = (
				88C1A095251D498BD2BAF9DF /* Pods_LmnwAssignment.framework */,
				0392F9B74D13E90BCF10FE9E /* Pods_LmnwAssignment_LmnwAssignmentUITests.framework */,
				730B51A917EEF3F5BCCFE289 /* Pods_LmnwAssignmentTests.framework */,
			);
			name = Frameworks;
			sourceTree = "<group>";
		};
		7FE6CD8C6AE12D590BB5280D /* Pods */ = {
			isa = PBXGroup;
			children = (
				564B0F5FEEF2C1B6DF0A950D /* Pods-LmnwAssignment.debug.xcconfig */,
				333CEA1B33104AB5E680D1DE /* Pods-LmnwAssignment.release.xcconfig */,
				1C4824636B2FF57C569CDE1A /* Pods-LmnwAssignment-LmnwAssignmentUITests.debug.xcconfig */,
				858D4AC28D50FD7EFF78D552 /* Pods-LmnwAssignment-LmnwAssignmentUITests.release.xcconfig */,
				85076E77439B27AAC2533623 /* Pods-LmnwAssignmentTests.debug.xcconfig */,
				D6377EBCCE1FED91AFBC3482 /* Pods-LmnwAssignmentTests.release.xcconfig */,
			);
			path = Pods;
			sourceTree = "<group>";
		};
/* End PBXGroup section */

/* Begin PBXNativeTarget section */
		0FF8C35D267A451F00E420C2 /* LmnwAssignment */ = {
			isa = PBXNativeTarget;
			buildConfigurationList = 0FF8C388267A452200E420C2 /* Build configuration list for PBXNativeTarget "LmnwAssignment" */;
			buildPhases = (
				799E1022B1DB6513C828B881 /* [CP] Check Pods Manifest.lock */,
				0FF8C35A267A451F00E420C2 /* Sources */,
				0FF8C35B267A451F00E420C2 /* Frameworks */,
				0FF8C35C267A451F00E420C2 /* Resources */,
				325B10A0D3519815318DC17E /* [CP] Embed Pods Frameworks */,
				0FC29FDC267A501600ED8A5D /* Swiftlint Script */,
			);
			buildRules = (
			);
			dependencies = (
			);
			name = LmnwAssignment;
			productName = LmnwAssignment;
			productReference = 0FF8C35E267A451F00E420C2 /* LmnwAssignment.app */;
			productType = "com.apple.product-type.application";
		};
		0FF8C373267A452100E420C2 /* LmnwAssignmentTests */ = {
			isa = PBXNativeTarget;
			buildConfigurationList = 0FF8C38B267A452200E420C2 /* Build configuration list for PBXNativeTarget "LmnwAssignmentTests" */;
			buildPhases = (
				E331D88F3DD31769B037ED35 /* [CP] Check Pods Manifest.lock */,
				0FF8C370267A452100E420C2 /* Sources */,
				0FF8C371267A452100E420C2 /* Frameworks */,
				0FF8C372267A452100E420C2 /* Resources */,
			);
			buildRules = (
			);
			dependencies = (
				0FF8C376267A452100E420C2 /* PBXTargetDependency */,
			);
			name = LmnwAssignmentTests;
			productName = LmnwAssignmentTests;
			productReference = 0FF8C374267A452100E420C2 /* LmnwAssignmentTests.xctest */;
			productType = "com.apple.product-type.bundle.unit-test";
		};
		0FF8C37E267A452100E420C2 /* LmnwAssignmentUITests */ = {
			isa = PBXNativeTarget;
			buildConfigurationList = 0FF8C38E267A452200E420C2 /* Build configuration list for PBXNativeTarget "LmnwAssignmentUITests" */;
			buildPhases = (
				51361805318FD0DA66A57F25 /* [CP] Check Pods Manifest.lock */,
				0FF8C37B267A452100E420C2 /* Sources */,
				0FF8C37C267A452100E420C2 /* Frameworks */,
				0FF8C37D267A452100E420C2 /* Resources */,
				9C10E759A9C92146550E28EA /* [CP] Embed Pods Frameworks */,
			);
			buildRules = (
			);
			dependencies = (
				0FF8C381267A452100E420C2 /* PBXTargetDependency */,
			);
			name = LmnwAssignmentUITests;
			productName = LmnwAssignmentUITests;
			productReference = 0FF8C37F267A452100E420C2 /* LmnwAssignmentUITests.xctest */;
			productType = "com.apple.product-type.bundle.ui-testing";
		};
/* End PBXNativeTarget section */

/* Begin PBXProject section */
		0FF8C356267A451F00E420C2 /* Project object */ = {
			isa = PBXProject;
			attributes = {
				LastSwiftUpdateCheck = 1230;
				LastUpgradeCheck = 1230;
				TargetAttributes = {
					0FF8C35D267A451F00E420C2 = {
						CreatedOnToolsVersion = 12.3;
					};
					0FF8C373267A452100E420C2 = {
						CreatedOnToolsVersion = 12.3;
						LastSwiftMigration = 1230;
						TestTargetID = 0FF8C35D267A451F00E420C2;
					};
					0FF8C37E267A452100E420C2 = {
						CreatedOnToolsVersion = 12.3;
						LastSwiftMigration = 1230;
						TestTargetID = 0FF8C35D267A451F00E420C2;
					};
				};
			};
			buildConfigurationList = 0FF8C359267A451F00E420C2 /* Build configuration list for PBXProject "LmnwAssignment" */;
			compatibilityVersion = "Xcode 9.3";
			developmentRegion = en;
			hasScannedForEncodings = 0;
			knownRegions = (
				en,
				Base,
			);
			mainGroup = 0FF8C355267A451F00E420C2;
			productRefGroup = 0FF8C35F267A451F00E420C2 /* Products */;
			projectDirPath = "";
			projectRoot = "";
			targets = (
				0FF8C35D267A451F00E420C2 /* LmnwAssignment */,
				0FF8C373267A452100E420C2 /* LmnwAssignmentTests */,
				0FF8C37E267A452100E420C2 /* LmnwAssignmentUITests */,
			);
		};
/* End PBXProject section */

/* Begin PBXResourcesBuildPhase section */
		0FF8C35C267A451F00E420C2 /* Resources */ = {
			isa = PBXResourcesBuildPhase;
			buildActionMask = 2147483647;
			files = (
				0FF8C36E267A452100E420C2 /* LaunchScreen.storyboard in Resources */,
				0FC2A023267A5A6D00ED8A5D /* PhotoList.storyboard in Resources */,
				0FF8C36B267A452100E420C2 /* Assets.xcassets in Resources */,
			);
			runOnlyForDeploymentPostprocessing = 0;
		};
		0FF8C372267A452100E420C2 /* Resources */ = {
			isa = PBXResourcesBuildPhase;
			buildActionMask = 2147483647;
			files = (
			);
			runOnlyForDeploymentPostprocessing = 0;
		};
		0FF8C37D267A452100E420C2 /* Resources */ = {
			isa = PBXResourcesBuildPhase;
			buildActionMask = 2147483647;
			files = (
			);
			runOnlyForDeploymentPostprocessing = 0;
		};
/* End PBXResourcesBuildPhase section */

/* Begin PBXShellScriptBuildPhase section */
		0FC29FDC267A501600ED8A5D /* Swiftlint Script */ = {
			isa = PBXShellScriptBuildPhase;
			buildActionMask = 2147483647;
			files = (
			);
			inputFileListPaths = (
			);
			inputPaths = (
			);
			name = "Swiftlint Script";
			outputFileListPaths = (
			);
			outputPaths = (
			);
			runOnlyForDeploymentPostprocessing = 0;
			shellPath = /bin/sh;
			shellScript = "if which \"${PODS_ROOT}/SwiftLint/swiftlint\" >/dev/null; then\n    ${PODS_ROOT}/SwiftLint/swiftlint\nelse\n    echo \"warning: SwiftLint not installed, download from https://github.com/realm/SwiftLint\"\nfi\n";
		};
		325B10A0D3519815318DC17E /* [CP] Embed Pods Frameworks */ = {
			isa = PBXShellScriptBuildPhase;
			buildActionMask = 2147483647;
			files = (
			);
			inputFileListPaths = (
				"${PODS_ROOT}/Target Support Files/Pods-LmnwAssignment/Pods-LmnwAssignment-frameworks-${CONFIGURATION}-input-files.xcfilelist",
			);
			name = "[CP] Embed Pods Frameworks";
			outputFileListPaths = (
				"${PODS_ROOT}/Target Support Files/Pods-LmnwAssignment/Pods-LmnwAssignment-frameworks-${CONFIGURATION}-output-files.xcfilelist",
			);
			runOnlyForDeploymentPostprocessing = 0;
			shellPath = /bin/sh;
			shellScript = "\"${PODS_ROOT}/Target Support Files/Pods-LmnwAssignment/Pods-LmnwAssignment-frameworks.sh\"\n";
			showEnvVarsInLog = 0;
		};
		51361805318FD0DA66A57F25 /* [CP] Check Pods Manifest.lock */ = {
			isa = PBXShellScriptBuildPhase;
			buildActionMask = 2147483647;
			files = (
			);
			inputFileListPaths = (
			);
			inputPaths = (
				"${PODS_PODFILE_DIR_PATH}/Podfile.lock",
				"${PODS_ROOT}/Manifest.lock",
			);
			name = "[CP] Check Pods Manifest.lock";
			outputFileListPaths = (
			);
			outputPaths = (
				"$(DERIVED_FILE_DIR)/Pods-LmnwAssignment-LmnwAssignmentUITests-checkManifestLockResult.txt",
			);
			runOnlyForDeploymentPostprocessing = 0;
			shellPath = /bin/sh;
			shellScript = "diff \"${PODS_PODFILE_DIR_PATH}/Podfile.lock\" \"${PODS_ROOT}/Manifest.lock\" > /dev/null\nif [ $? != 0 ] ; then\n    # print error to STDERR\n    echo \"error: The sandbox is not in sync with the Podfile.lock. Run 'pod install' or update your CocoaPods installation.\" >&2\n    exit 1\nfi\n# This output is used by Xcode 'outputs' to avoid re-running this script phase.\necho \"SUCCESS\" > \"${SCRIPT_OUTPUT_FILE_0}\"\n";
			showEnvVarsInLog = 0;
		};
		799E1022B1DB6513C828B881 /* [CP] Check Pods Manifest.lock */ = {
			isa = PBXShellScriptBuildPhase;
			buildActionMask = 2147483647;
			files = (
			);
			inputFileListPaths = (
			);
			inputPaths = (
				"${PODS_PODFILE_DIR_PATH}/Podfile.lock",
				"${PODS_ROOT}/Manifest.lock",
			);
			name = "[CP] Check Pods Manifest.lock";
			outputFileListPaths = (
			);
			outputPaths = (
				"$(DERIVED_FILE_DIR)/Pods-LmnwAssignment-checkManifestLockResult.txt",
			);
			runOnlyForDeploymentPostprocessing = 0;
			shellPath = /bin/sh;
			shellScript = "diff \"${PODS_PODFILE_DIR_PATH}/Podfile.lock\" \"${PODS_ROOT}/Manifest.lock\" > /dev/null\nif [ $? != 0 ] ; then\n    # print error to STDERR\n    echo \"error: The sandbox is not in sync with the Podfile.lock. Run 'pod install' or update your CocoaPods installation.\" >&2\n    exit 1\nfi\n# This output is used by Xcode 'outputs' to avoid re-running this script phase.\necho \"SUCCESS\" > \"${SCRIPT_OUTPUT_FILE_0}\"\n";
			showEnvVarsInLog = 0;
		};
		9C10E759A9C92146550E28EA /* [CP] Embed Pods Frameworks */ = {
			isa = PBXShellScriptBuildPhase;
			buildActionMask = 2147483647;
			files = (
			);
			inputFileListPaths = (
				"${PODS_ROOT}/Target Support Files/Pods-LmnwAssignment-LmnwAssignmentUITests/Pods-LmnwAssignment-LmnwAssignmentUITests-frameworks-${CONFIGURATION}-input-files.xcfilelist",
			);
			name = "[CP] Embed Pods Frameworks";
			outputFileListPaths = (
				"${PODS_ROOT}/Target Support Files/Pods-LmnwAssignment-LmnwAssignmentUITests/Pods-LmnwAssignment-LmnwAssignmentUITests-frameworks-${CONFIGURATION}-output-files.xcfilelist",
			);
			runOnlyForDeploymentPostprocessing = 0;
			shellPath = /bin/sh;
			shellScript = "\"${PODS_ROOT}/Target Support Files/Pods-LmnwAssignment-LmnwAssignmentUITests/Pods-LmnwAssignment-LmnwAssignmentUITests-frameworks.sh\"\n";
			showEnvVarsInLog = 0;
		};
		E331D88F3DD31769B037ED35 /* [CP] Check Pods Manifest.lock */ = {
			isa = PBXShellScriptBuildPhase;
			buildActionMask = 2147483647;
			files = (
			);
			inputFileListPaths = (
			);
			inputPaths = (
				"${PODS_PODFILE_DIR_PATH}/Podfile.lock",
				"${PODS_ROOT}/Manifest.lock",
			);
			name = "[CP] Check Pods Manifest.lock";
			outputFileListPaths = (
			);
			outputPaths = (
				"$(DERIVED_FILE_DIR)/Pods-LmnwAssignmentTests-checkManifestLockResult.txt",
			);
			runOnlyForDeploymentPostprocessing = 0;
			shellPath = /bin/sh;
			shellScript = "diff \"${PODS_PODFILE_DIR_PATH}/Podfile.lock\" \"${PODS_ROOT}/Manifest.lock\" > /dev/null\nif [ $? != 0 ] ; then\n    # print error to STDERR\n    echo \"error: The sandbox is not in sync with the Podfile.lock. Run 'pod install' or update your CocoaPods installation.\" >&2\n    exit 1\nfi\n# This output is used by Xcode 'outputs' to avoid re-running this script phase.\necho \"SUCCESS\" > \"${SCRIPT_OUTPUT_FILE_0}\"\n";
			showEnvVarsInLog = 0;
		};
/* End PBXShellScriptBuildPhase section */

/* Begin PBXSourcesBuildPhase section */
		0FF8C35A267A451F00E420C2 /* Sources */ = {
			isa = PBXSourcesBuildPhase;
			buildActionMask = 2147483647;
			files = (
				0FC2A03B267A793200ED8A5D /* BaseViewController.swift in Sources */,
				0FC2A001267A53BF00ED8A5D /* GetPhotoService.swift in Sources */,
				0FC2A029267A5E6C00ED8A5D /* NumberFormatComponent.swift in Sources */,
				0FF8C362267A451F00E420C2 /* AppDelegate.swift in Sources */,
				0FC2A032267A6D5500ED8A5D /* PhotoCell.swift in Sources */,
				0FC2A016267A55F200ED8A5D /* PhotoListPresenter.swift in Sources */,
				0FC2A01A267A55F200ED8A5D /* PhotoListViewController.swift in Sources */,
				0FC29FF2267A515F00ED8A5D /* BaseService.swift in Sources */,
				0FC29FF8267A51C600ED8A5D /* PhotoProvider.swift in Sources */,
				0FC2A01B267A55F200ED8A5D /* PhotoListInteractor.swift in Sources */,
				0FC2A019267A55F200ED8A5D /* PhotoListModels.swift in Sources */,
				0FC2A018267A55F200ED8A5D /* PhotoListRouter.swift in Sources */,
			);
			runOnlyForDeploymentPostprocessing = 0;
		};
		0FF8C370267A452100E420C2 /* Sources */ = {
			isa = PBXSourcesBuildPhase;
			buildActionMask = 2147483647;
			files = (
				0F7AEE98267A7F3600D77591 /* SpyPhotoListViewController.swift in Sources */,
				0F7AEEA0267A7FD800D77591 /* StubGetPhotoService.swift in Sources */,
				0F7AEE90267A7EE100D77591 /* SpyPhotoListPresenter.swift in Sources */,
				0F7AEEA5267A807B00D77591 /* Common.swift in Sources */,
				0F7AEE80267A7CF100D77591 /* NumberFormatComponentTest.swift in Sources */,
			);
			runOnlyForDeploymentPostprocessing = 0;
		};
		0FF8C37B267A452100E420C2 /* Sources */ = {
			isa = PBXSourcesBuildPhase;
			buildActionMask = 2147483647;
			files = (
				0F7AEE88267A7DE500D77591 /* LmnwAssignmentUITests.swift in Sources */,
			);
			runOnlyForDeploymentPostprocessing = 0;
		};
/* End PBXSourcesBuildPhase section */

/* Begin PBXTargetDependency section */
		0FF8C376267A452100E420C2 /* PBXTargetDependency */ = {
			isa = PBXTargetDependency;
			target = 0FF8C35D267A451F00E420C2 /* LmnwAssignment */;
			targetProxy = 0FF8C375267A452100E420C2 /* PBXContainerItemProxy */;
		};
		0FF8C381267A452100E420C2 /* PBXTargetDependency */ = {
			isa = PBXTargetDependency;
			target = 0FF8C35D267A451F00E420C2 /* LmnwAssignment */;
			targetProxy = 0FF8C380267A452100E420C2 /* PBXContainerItemProxy */;
		};
/* End PBXTargetDependency section */

/* Begin PBXVariantGroup section */
		0FF8C36C267A452100E420C2 /* LaunchScreen.storyboard */ = {
			isa = PBXVariantGroup;
			children = (
				0FF8C36D267A452100E420C2 /* Base */,
			);
			name = LaunchScreen.storyboard;
			sourceTree = "<group>";
		};
/* End PBXVariantGroup section */

/* Begin XCBuildConfiguration section */
		0FF8C386267A452200E420C2 /* Debug */ = {
			isa = XCBuildConfiguration;
			buildSettings = {
				ALWAYS_SEARCH_USER_PATHS = NO;
				CLANG_ANALYZER_NONNULL = YES;
				CLANG_ANALYZER_NUMBER_OBJECT_CONVERSION = YES_AGGRESSIVE;
				CLANG_CXX_LANGUAGE_STANDARD = "gnu++14";
				CLANG_CXX_LIBRARY = "libc++";
				CLANG_ENABLE_MODULES = YES;
				CLANG_ENABLE_OBJC_ARC = YES;
				CLANG_ENABLE_OBJC_WEAK = YES;
				CLANG_WARN_BLOCK_CAPTURE_AUTORELEASING = YES;
				CLANG_WARN_BOOL_CONVERSION = YES;
				CLANG_WARN_COMMA = YES;
				CLANG_WARN_CONSTANT_CONVERSION = YES;
				CLANG_WARN_DEPRECATED_OBJC_IMPLEMENTATIONS = YES;
				CLANG_WARN_DIRECT_OBJC_ISA_USAGE = YES_ERROR;
				CLANG_WARN_DOCUMENTATION_COMMENTS = YES;
				CLANG_WARN_EMPTY_BODY = YES;
				CLANG_WARN_ENUM_CONVERSION = YES;
				CLANG_WARN_INFINITE_RECURSION = YES;
				CLANG_WARN_INT_CONVERSION = YES;
				CLANG_WARN_NON_LITERAL_NULL_CONVERSION = YES;
				CLANG_WARN_OBJC_IMPLICIT_RETAIN_SELF = YES;
				CLANG_WARN_OBJC_LITERAL_CONVERSION = YES;
				CLANG_WARN_OBJC_ROOT_CLASS = YES_ERROR;
				CLANG_WARN_QUOTED_INCLUDE_IN_FRAMEWORK_HEADER = YES;
				CLANG_WARN_RANGE_LOOP_ANALYSIS = YES;
				CLANG_WARN_STRICT_PROTOTYPES = YES;
				CLANG_WARN_SUSPICIOUS_MOVE = YES;
				CLANG_WARN_UNGUARDED_AVAILABILITY = YES_AGGRESSIVE;
				CLANG_WARN_UNREACHABLE_CODE = YES;
				CLANG_WARN__DUPLICATE_METHOD_MATCH = YES;
				COPY_PHASE_STRIP = NO;
				DEBUG_INFORMATION_FORMAT = dwarf;
				ENABLE_STRICT_OBJC_MSGSEND = YES;
				ENABLE_TESTABILITY = YES;
				GCC_C_LANGUAGE_STANDARD = gnu11;
				GCC_DYNAMIC_NO_PIC = NO;
				GCC_NO_COMMON_BLOCKS = YES;
				GCC_OPTIMIZATION_LEVEL = 0;
				GCC_PREPROCESSOR_DEFINITIONS = (
					"DEBUG=1",
					"$(inherited)",
				);
				GCC_WARN_64_TO_32_BIT_CONVERSION = YES;
				GCC_WARN_ABOUT_RETURN_TYPE = YES_ERROR;
				GCC_WARN_UNDECLARED_SELECTOR = YES;
				GCC_WARN_UNINITIALIZED_AUTOS = YES_AGGRESSIVE;
				GCC_WARN_UNUSED_FUNCTION = YES;
				GCC_WARN_UNUSED_VARIABLE = YES;
				IPHONEOS_DEPLOYMENT_TARGET = 12.0;
				MTL_ENABLE_DEBUG_INFO = INCLUDE_SOURCE;
				MTL_FAST_MATH = YES;
				ONLY_ACTIVE_ARCH = YES;
				SDKROOT = iphoneos;
				SWIFT_ACTIVE_COMPILATION_CONDITIONS = DEBUG;
				SWIFT_OPTIMIZATION_LEVEL = "-Onone";
			};
			name = Debug;
		};
		0FF8C387267A452200E420C2 /* Release */ = {
			isa = XCBuildConfiguration;
			buildSettings = {
				ALWAYS_SEARCH_USER_PATHS = NO;
				CLANG_ANALYZER_NONNULL = YES;
				CLANG_ANALYZER_NUMBER_OBJECT_CONVERSION = YES_AGGRESSIVE;
				CLANG_CXX_LANGUAGE_STANDARD = "gnu++14";
				CLANG_CXX_LIBRARY = "libc++";
				CLANG_ENABLE_MODULES = YES;
				CLANG_ENABLE_OBJC_ARC = YES;
				CLANG_ENABLE_OBJC_WEAK = YES;
				CLANG_WARN_BLOCK_CAPTURE_AUTORELEASING = YES;
				CLANG_WARN_BOOL_CONVERSION = YES;
				CLANG_WARN_COMMA = YES;
				CLANG_WARN_CONSTANT_CONVERSION = YES;
				CLANG_WARN_DEPRECATED_OBJC_IMPLEMENTATIONS = YES;
				CLANG_WARN_DIRECT_OBJC_ISA_USAGE = YES_ERROR;
				CLANG_WARN_DOCUMENTATION_COMMENTS = YES;
				CLANG_WARN_EMPTY_BODY = YES;
				CLANG_WARN_ENUM_CONVERSION = YES;
				CLANG_WARN_INFINITE_RECURSION = YES;
				CLANG_WARN_INT_CONVERSION = YES;
				CLANG_WARN_NON_LITERAL_NULL_CONVERSION = YES;
				CLANG_WARN_OBJC_IMPLICIT_RETAIN_SELF = YES;
				CLANG_WARN_OBJC_LITERAL_CONVERSION = YES;
				CLANG_WARN_OBJC_ROOT_CLASS = YES_ERROR;
				CLANG_WARN_QUOTED_INCLUDE_IN_FRAMEWORK_HEADER = YES;
				CLANG_WARN_RANGE_LOOP_ANALYSIS = YES;
				CLANG_WARN_STRICT_PROTOTYPES = YES;
				CLANG_WARN_SUSPICIOUS_MOVE = YES;
				CLANG_WARN_UNGUARDED_AVAILABILITY = YES_AGGRESSIVE;
				CLANG_WARN_UNREACHABLE_CODE = YES;
				CLANG_WARN__DUPLICATE_METHOD_MATCH = YES;
				COPY_PHASE_STRIP = NO;
				DEBUG_INFORMATION_FORMAT = "dwarf-with-dsym";
				ENABLE_NS_ASSERTIONS = NO;
				ENABLE_STRICT_OBJC_MSGSEND = YES;
				GCC_C_LANGUAGE_STANDARD = gnu11;
				GCC_NO_COMMON_BLOCKS = YES;
				GCC_WARN_64_TO_32_BIT_CONVERSION = YES;
				GCC_WARN_ABOUT_RETURN_TYPE = YES_ERROR;
				GCC_WARN_UNDECLARED_SELECTOR = YES;
				GCC_WARN_UNINITIALIZED_AUTOS = YES_AGGRESSIVE;
				GCC_WARN_UNUSED_FUNCTION = YES;
				GCC_WARN_UNUSED_VARIABLE = YES;
				IPHONEOS_DEPLOYMENT_TARGET = 12.0;
				MTL_ENABLE_DEBUG_INFO = NO;
				MTL_FAST_MATH = YES;
				SDKROOT = iphoneos;
				SWIFT_COMPILATION_MODE = wholemodule;
				SWIFT_OPTIMIZATION_LEVEL = "-O";
				VALIDATE_PRODUCT = YES;
			};
			name = Release;
		};
		0FF8C389267A452200E420C2 /* Debug */ = {
			isa = XCBuildConfiguration;
			baseConfigurationReference = 564B0F5FEEF2C1B6DF0A950D /* Pods-LmnwAssignment.debug.xcconfig */;
			buildSettings = {
				ASSETCATALOG_COMPILER_APPICON_NAME = AppIcon;
				ASSETCATALOG_COMPILER_GLOBAL_ACCENT_COLOR_NAME = AccentColor;
				CODE_SIGN_STYLE = Automatic;
				DEVELOPMENT_TEAM = T2CXQAZL4J;
				INFOPLIST_FILE = LmnwAssignment/Info.plist;
				LD_RUNPATH_SEARCH_PATHS = (
					"$(inherited)",
					"@executable_path/Frameworks",
				);
				PRODUCT_BUNDLE_IDENTIFIER = com.mira.LmnwAssignment;
				PRODUCT_NAME = "$(TARGET_NAME)";
				SWIFT_VERSION = 5.0;
				TARGETED_DEVICE_FAMILY = "1,2";
			};
			name = Debug;
		};
		0FF8C38A267A452200E420C2 /* Release */ = {
			isa = XCBuildConfiguration;
			baseConfigurationReference = 333CEA1B33104AB5E680D1DE /* Pods-LmnwAssignment.release.xcconfig */;
			buildSettings = {
				ASSETCATALOG_COMPILER_APPICON_NAME = AppIcon;
				ASSETCATALOG_COMPILER_GLOBAL_ACCENT_COLOR_NAME = AccentColor;
				CODE_SIGN_STYLE = Automatic;
				DEVELOPMENT_TEAM = T2CXQAZL4J;
				INFOPLIST_FILE = LmnwAssignment/Info.plist;
				LD_RUNPATH_SEARCH_PATHS = (
					"$(inherited)",
					"@executable_path/Frameworks",
				);
				PRODUCT_BUNDLE_IDENTIFIER = com.mira.LmnwAssignment;
				PRODUCT_NAME = "$(TARGET_NAME)";
				SWIFT_VERSION = 5.0;
				TARGETED_DEVICE_FAMILY = "1,2";
			};
			name = Release;
		};
		0FF8C38C267A452200E420C2 /* Debug */ = {
			isa = XCBuildConfiguration;
			baseConfigurationReference = 85076E77439B27AAC2533623 /* Pods-LmnwAssignmentTests.debug.xcconfig */;
			buildSettings = {
				ALWAYS_EMBED_SWIFT_STANDARD_LIBRARIES = YES;
				BUNDLE_LOADER = "$(TEST_HOST)";
				CLANG_ENABLE_MODULES = YES;
				CODE_SIGN_STYLE = Automatic;
				DEVELOPMENT_TEAM = T2CXQAZL4J;
				INFOPLIST_FILE = LmnwAssignmentTests/Info.plist;
				IPHONEOS_DEPLOYMENT_TARGET = 14.3;
				LD_RUNPATH_SEARCH_PATHS = (
					"$(inherited)",
					"@executable_path/Frameworks",
					"@loader_path/Frameworks",
				);
				PRODUCT_BUNDLE_IDENTIFIER = com.mira.LmnwAssignmentTests;
				PRODUCT_NAME = "$(TARGET_NAME)";
				SWIFT_OPTIMIZATION_LEVEL = "-Onone";
				SWIFT_VERSION = 5.0;
				TARGETED_DEVICE_FAMILY = "1,2";
				TEST_HOST = "$(BUILT_PRODUCTS_DIR)/LmnwAssignment.app/LmnwAssignment";
			};
			name = Debug;
		};
		0FF8C38D267A452200E420C2 /* Release */ = {
			isa = XCBuildConfiguration;
			baseConfigurationReference = D6377EBCCE1FED91AFBC3482 /* Pods-LmnwAssignmentTests.release.xcconfig */;
			buildSettings = {
				ALWAYS_EMBED_SWIFT_STANDARD_LIBRARIES = YES;
				BUNDLE_LOADER = "$(TEST_HOST)";
				CLANG_ENABLE_MODULES = YES;
				CODE_SIGN_STYLE = Automatic;
				DEVELOPMENT_TEAM = T2CXQAZL4J;
				INFOPLIST_FILE = LmnwAssignmentTests/Info.plist;
				IPHONEOS_DEPLOYMENT_TARGET = 14.3;
				LD_RUNPATH_SEARCH_PATHS = (
					"$(inherited)",
					"@executable_path/Frameworks",
					"@loader_path/Frameworks",
				);
				PRODUCT_BUNDLE_IDENTIFIER = com.mira.LmnwAssignmentTests;
				PRODUCT_NAME = "$(TARGET_NAME)";
				SWIFT_VERSION = 5.0;
				TARGETED_DEVICE_FAMILY = "1,2";
				TEST_HOST = "$(BUILT_PRODUCTS_DIR)/LmnwAssignment.app/LmnwAssignment";
			};
			name = Release;
		};
		0FF8C38F267A452200E420C2 /* Debug */ = {
			isa = XCBuildConfiguration;
			baseConfigurationReference = 1C4824636B2FF57C569CDE1A /* Pods-LmnwAssignment-LmnwAssignmentUITests.debug.xcconfig */;
			buildSettings = {
				ALWAYS_EMBED_SWIFT_STANDARD_LIBRARIES = YES;
				CLANG_ENABLE_MODULES = YES;
				CODE_SIGN_STYLE = Automatic;
				DEVELOPMENT_TEAM = T2CXQAZL4J;
				INFOPLIST_FILE = LmnwAssignmentUITests/Info.plist;
				LD_RUNPATH_SEARCH_PATHS = (
					"$(inherited)",
					"@executable_path/Frameworks",
					"@loader_path/Frameworks",
				);
				PRODUCT_BUNDLE_IDENTIFIER = com.mira.LmnwAssignmentUITests;
				PRODUCT_NAME = "$(TARGET_NAME)";
				SWIFT_OPTIMIZATION_LEVEL = "-Onone";
				SWIFT_VERSION = 5.0;
				TARGETED_DEVICE_FAMILY = "1,2";
				TEST_TARGET_NAME = LmnwAssignment;
			};
			name = Debug;
		};
		0FF8C390267A452200E420C2 /* Release */ = {
			isa = XCBuildConfiguration;
			baseConfigurationReference = 858D4AC28D50FD7EFF78D552 /* Pods-LmnwAssignment-LmnwAssignmentUITests.release.xcconfig */;
			buildSettings = {
				ALWAYS_EMBED_SWIFT_STANDARD_LIBRARIES = YES;
				CLANG_ENABLE_MODULES = YES;
				CODE_SIGN_STYLE = Automatic;
				DEVELOPMENT_TEAM = T2CXQAZL4J;
				INFOPLIST_FILE = LmnwAssignmentUITests/Info.plist;
				LD_RUNPATH_SEARCH_PATHS = (
					"$(inherited)",
					"@executable_path/Frameworks",
					"@loader_path/Frameworks",
				);
				PRODUCT_BUNDLE_IDENTIFIER = com.mira.LmnwAssignmentUITests;
				PRODUCT_NAME = "$(TARGET_NAME)";
				SWIFT_VERSION = 5.0;
				TARGETED_DEVICE_FAMILY = "1,2";
				TEST_TARGET_NAME = LmnwAssignment;
			};
			name = Release;
		};
/* End XCBuildConfiguration section */

/* Begin XCConfigurationList section */
		0FF8C359267A451F00E420C2 /* Build configuration list for PBXProject "LmnwAssignment" */ = {
			isa = XCConfigurationList;
			buildConfigurations = (
				0FF8C386267A452200E420C2 /* Debug */,
				0FF8C387267A452200E420C2 /* Release */,
			);
			defaultConfigurationIsVisible = 0;
			defaultConfigurationName = Release;
		};
		0FF8C388267A452200E420C2 /* Build configuration list for PBXNativeTarget "LmnwAssignment" */ = {
			isa = XCConfigurationList;
			buildConfigurations = (
				0FF8C389267A452200E420C2 /* Debug */,
				0FF8C38A267A452200E420C2 /* Release */,
			);
			defaultConfigurationIsVisible = 0;
			defaultConfigurationName = Release;
		};
		0FF8C38B267A452200E420C2 /* Build configuration list for PBXNativeTarget "LmnwAssignmentTests" */ = {
			isa = XCConfigurationList;
			buildConfigurations = (
				0FF8C38C267A452200E420C2 /* Debug */,
				0FF8C38D267A452200E420C2 /* Release */,
			);
			defaultConfigurationIsVisible = 0;
			defaultConfigurationName = Release;
		};
		0FF8C38E267A452200E420C2 /* Build configuration list for PBXNativeTarget "LmnwAssignmentUITests" */ = {
			isa = XCConfigurationList;
			buildConfigurations = (
				0FF8C38F267A452200E420C2 /* Debug */,
				0FF8C390267A452200E420C2 /* Release */,
			);
			defaultConfigurationIsVisible = 0;
			defaultConfigurationName = Release;
		};
/* End XCConfigurationList section */
	};
	rootObject = 0FF8C356267A451F00E420C2 /* Project object */;
}
